
Microsoft Visual Studio Solution File, Format Version 12.00
# Visual Studio 15
VisualStudioVersion = 15.0.28307.572
MinimumVisualStudioVersion = 10.0.40219.1
Project("{FAE04EC0-301F-11D3-BF4B-00C04F79EFBC}") = "ConsoleAppForTests", "ConsoleAppForTests\ConsoleAppForTests.csproj", "{3AA90FEF-ED4C-4088-B2C6-B480D49E7AA8}"
EndProject
Global
	GlobalSection(SolutionConfigurationPlatforms) = preSolution
		Debug|Any CPU = Debug|Any CPU
		Release|Any CPU = Release|Any CPU
	EndGlobalSection
	GlobalSection(ProjectConfigurationPlatforms) = postSolution
		{3AA90FEF-ED4C-4088-B2C6-B480D49E7AA8}.Debug|Any CPU.ActiveCfg = Debug|Any CPU
		{3AA90FEF-ED4C-4088-B2C6-B480D49E7AA8}.Debug|Any CPU.Build.0 = Debug|Any CPU
		{3AA90FEF-ED4C-4088-B2C6-B480D49E7AA8}.Release|Any CPU.ActiveCfg = Release|Any CPU
		{3AA90FEF-ED4C-4088-B2C6-B480D49E7AA8}.Release|Any CPU.Build.0 = Release|Any CPU
	EndGlobalSection
	GlobalSection(SolutionProperties) = preSolution
		HideSolutionNode = FALSE
	EndGlobalSection
	GlobalSection(ExtensibilityGlobals) = postSolution
		SolutionGuid = {341B8E81-3B79-48C2-930B-2BFD5F6E8EC5}
	EndGlobalSection
EndGlobal
